{
  "name": "curso_api_hsm_dinamo",
  "version": "1.0.0",
  "lockfileVersion": 3,
  "requires": true,
  "packages": {
    "": {
      "name": "curso_api_hsm_dinamo",
      "version": "1.0.0",
      "license": "ISC",
      "dependencies": {
        "@dinamonetworks/hsm-dinamo": "^4.10.2"
      },
      "devDependencies": {
        "typescript": "^5.4.5"
      }
    },
    "node_modules/@dinamonetworks/hsm-dinamo": {
      "version": "4.10.2",
      "resolved": "https://registry.npmjs.org/@dinamonetworks/hsm-dinamo/-/hsm-dinamo-4.10.2.tgz",
      "integrity": "sha512-UCJTghCQMmW3j9RLX+G9GkLW9tKU1GS3JXbVQ1b3/PpneHaOXndE2yEjAkSB/emEEBQh17zZVVAhbT0u8q4+Cg==",
      "dependencies": {
        "crypto-js": "^4.2.0",
        "node-aes-cmac": "^0.1.1"
      }
    },
    "node_modules/crypto-js": {
      "version": "4.2.0",
      "resolved": "https://registry.npmjs.org/crypto-js/-/crypto-js-4.2.0.tgz",
      "integrity": "sha512-KALDyEYgpY+Rlob/iriUtjV6d5Eq+Y191A5g4UqLAi8CyGP9N1+FdVbkc1SxKc2r4YAYqG8JzO2KGL+AizD70Q=="
    },
    "node_modules/node-aes-cmac": {
      "version": "0.1.1",
      "resolved": "https://registry.npmjs.org/node-aes-cmac/-/node-aes-cmac-0.1.1.tgz",
      "integrity": "sha512-6NTdKhEcev3IY+1uJY+LM8xs402Wvb47MYWdBqMvcd5lXmMB5FNGdaO8PuKDFoSodaCtlMBxiQ3uie3qCU5QOg=="
    },
    "node_modules/typescript": {
      "version": "5.4.5",
      "resolved": "https://registry.npmjs.org/typescript/-/typescript-5.4.5.tgz",
      "integrity": "sha512-vcI4UpRgg81oIRUFwR0WSIHKt11nJ7SAVlYNIu+QpqeyXP+gpQJy/Z4+F0aGxSE4MqwjyXvW/TzgkLAx2AGHwQ==",
      "dev": true,
      "bin": {
        "tsc": "bin/tsc",
        "tsserver": "bin/tsserver"
      },
      "engines": {
        "node": ">=14.17"
      }
    }
  }
}
